# THIS IS AN AUTOGENERATED FILE. DO NOT EDIT THIS FILE DIRECTLY.
# yarn lockfile v1


love-u@^0.2.5:
  version "0.2.8"
  resolved "https://registry.npmmirror.com/love-u/-/love-u-0.2.8.tgz#d25d859022fd208bf95b6a2d0c83c342f01a1794"
  integrity sha512-dBA21liFaqPXeXGK52bAgl16svi1SKb6H54kG7CtUWNVpF8pqfJx+wBt3RU6tlsnUf9775CJULosvtkUQ2WlTA==

ometa@0.2.2:
  version "0.2.2"
  resolved "https://registry.npmmirror.com/ometa/-/ometa-0.2.2.tgz#f53c4735ba6d56af5a46b04dfb7c4334c596d44e"
  integrity sha512-LZuoK/yjU3FvrxPjUXUlZ1bavCfBPqauA7fsNdwi+AVhRdyk2IzgP3JRnevvjzQ6fKHdUw8YISshf53FmpHrng==

scss-loader@^0.0.1:
  version "0.0.1"
  resolved "https://registry.npmmirror.com/scss-loader/-/scss-loader-0.0.1.tgz#eae017b9e0f38c12a532db25c220b902fb34e671"
  integrity sha512-SbT/smRJjkvvdHSEdAYAplosVkrtaSwwgUlnQCOuDS5sOKNjrS/eYCMvKeV6+YxK5cCOCsOJZd3vltrXatFp+g==

scss@^0.2.4:
  version "0.2.4"
  resolved "https://registry.npmmirror.com/scss/-/scss-0.2.4.tgz#040d903ed37c5d4fa4ad33ae1fd389ac12a4e065"
  integrity sha512-4u8V87F+Q/upVhUmhPnB4C1R11xojkRkWjExL2v0CX2EXTg18VrKd+9JWoeyCp2VEMdSpJsyAvVU+rVjogh51A==
  dependencies:
    ometa "0.2.2"

sence@^1.0.65:
  version "1.0.65"
  resolved "https://registry.npmmirror.com/sence/-/sence-1.0.65.tgz#8fb85eaf5b7745b5f5723ddcc95531dbf8cc3561"
  integrity sha512-mViIAEgKJib/Dm8510U9wUCZzYXUhbYQna2uc0yXIkNXJC/hTJVPiIQnZ47mTbJhlm/ekyE6y03tFwShTP38Gw==
  dependencies:
    love-u "^0.2.5"
